
Microsoft Visual Studio Solution File, Format Version 12.00
# Visual Studio Version 16
VisualStudioVersion = 16.0.30320.27
MinimumVisualStudioVersion = 10.0.40219.1
Project("{FAE04EC0-301F-11D3-BF4B-00C04F79EFBC}") = "BillTracker", "BillTracker.csproj", "{7A5261CA-E941-4DA1-9D10-03111C79970B}"
EndProject
Project("{FAE04EC0-301F-11D3-BF4B-00C04F79EFBC}") = "BillTracker.Entities", "..\BillTracker.Entities\BillTracker.Entities.csproj", "{93B7A18B-3139-4504-A0AC-3B3C3A664C04}"
EndProject
Project("{FAE04EC0-301F-11D3-BF4B-00C04F79EFBC}") = "BillTracker.DataLayer", "..\BillTracker.DataLayer\BillTracker.DataLayer.csproj", "{160D965A-475B-4C33-BDF6-EBC3E93733E0}"
EndProject
Project("{FAE04EC0-301F-11D3-BF4B-00C04F79EFBC}") = "BillTracker.BusinessLayer", "..\BillTracker.BusinessLayer\BillTracker.BusinessLayer.csproj", "{BCEA5C95-BB4E-4FBF-B910-5203FFD4410C}"
EndProject
Project("{FAE04EC0-301F-11D3-BF4B-00C04F79EFBC}") = "BillTracker.Test", "..\BillTracker.Test\BillTracker.Test.csproj", "{228C0EE8-D101-4912-9267-6B32FE2CCC70}"
EndProject
Global
	GlobalSection(SolutionConfigurationPlatforms) = preSolution
		Debug|Any CPU = Debug|Any CPU
		Release|Any CPU = Release|Any CPU
	EndGlobalSection
	GlobalSection(ProjectConfigurationPlatforms) = postSolution
		{7A5261CA-E941-4DA1-9D10-03111C79970B}.Debug|Any CPU.ActiveCfg = Debug|Any CPU
		{7A5261CA-E941-4DA1-9D10-03111C79970B}.Debug|Any CPU.Build.0 = Debug|Any CPU
		{7A5261CA-E941-4DA1-9D10-03111C79970B}.Release|Any CPU.ActiveCfg = Release|Any CPU
		{7A5261CA-E941-4DA1-9D10-03111C79970B}.Release|Any CPU.Build.0 = Release|Any CPU
		{93B7A18B-3139-4504-A0AC-3B3C3A664C04}.Debug|Any CPU.ActiveCfg = Debug|Any CPU
		{93B7A18B-3139-4504-A0AC-3B3C3A664C04}.Debug|Any CPU.Build.0 = Debug|Any CPU
		{93B7A18B-3139-4504-A0AC-3B3C3A664C04}.Release|Any CPU.ActiveCfg = Release|Any CPU
		{93B7A18B-3139-4504-A0AC-3B3C3A664C04}.Release|Any CPU.Build.0 = Release|Any CPU
		{160D965A-475B-4C33-BDF6-EBC3E93733E0}.Debug|Any CPU.ActiveCfg = Debug|Any CPU
		{160D965A-475B-4C33-BDF6-EBC3E93733E0}.Debug|Any CPU.Build.0 = Debug|Any CPU
		{160D965A-475B-4C33-BDF6-EBC3E93733E0}.Release|Any CPU.ActiveCfg = Release|Any CPU
		{160D965A-475B-4C33-BDF6-EBC3E93733E0}.Release|Any CPU.Build.0 = Release|Any CPU
		{BCEA5C95-BB4E-4FBF-B910-5203FFD4410C}.Debug|Any CPU.ActiveCfg = Debug|Any CPU
		{BCEA5C95-BB4E-4FBF-B910-5203FFD4410C}.Debug|Any CPU.Build.0 = Debug|Any CPU
		{BCEA5C95-BB4E-4FBF-B910-5203FFD4410C}.Release|Any CPU.ActiveCfg = Release|Any CPU
		{BCEA5C95-BB4E-4FBF-B910-5203FFD4410C}.Release|Any CPU.Build.0 = Release|Any CPU
		{228C0EE8-D101-4912-9267-6B32FE2CCC70}.Debug|Any CPU.ActiveCfg = Debug|Any CPU
		{228C0EE8-D101-4912-9267-6B32FE2CCC70}.Debug|Any CPU.Build.0 = Debug|Any CPU
		{228C0EE8-D101-4912-9267-6B32FE2CCC70}.Release|Any CPU.ActiveCfg = Release|Any CPU
		{228C0EE8-D101-4912-9267-6B32FE2CCC70}.Release|Any CPU.Build.0 = Release|Any CPU
	EndGlobalSection
	GlobalSection(SolutionProperties) = preSolution
		HideSolutionNode = FALSE
	EndGlobalSection
	GlobalSection(ExtensibilityGlobals) = postSolution
		SolutionGuid = {E09FB8D5-8FB8-4FC0-BD6F-748AE8194D43}
	EndGlobalSection
EndGlobal
